
Microsoft Visual Studio Solution File, Format Version 12.00
# Visual Studio Version 16
VisualStudioVersion = 16.0.30204.135
MinimumVisualStudioVersion = 10.0.40219.1
Project("{FAE04EC0-301F-11D3-BF4B-00C04F79EFBC}") = "CoreAPI", "CoreAPI\CoreAPI.csproj", "{86000C65-F9E5-404E-AAA5-18EC515CED7E}"
EndProject
Global
	GlobalSection(SolutionConfigurationPlatforms) = preSolution
		Debug|Any CPU = Debug|Any CPU
		Release|Any CPU = Release|Any CPU
	EndGlobalSection
	GlobalSection(ProjectConfigurationPlatforms) = postSolution
		{86000C65-F9E5-404E-AAA5-18EC515CED7E}.Debug|Any CPU.ActiveCfg = Debug|Any CPU
		{86000C65-F9E5-404E-AAA5-18EC515CED7E}.Debug|Any CPU.Build.0 = Debug|Any CPU
		{86000C65-F9E5-404E-AAA5-18EC515CED7E}.Release|Any CPU.ActiveCfg = Release|Any CPU
		{86000C65-F9E5-404E-AAA5-18EC515CED7E}.Release|Any CPU.Build.0 = Release|Any CPU
	EndGlobalSection
	GlobalSection(SolutionProperties) = preSolution
		HideSolutionNode = FALSE
	EndGlobalSection
	GlobalSection(ExtensibilityGlobals) = postSolution
		SolutionGuid = {CB28AD07-5221-44E5-889D-DE7DCA7572EB}
	EndGlobalSection
EndGlobal
